
Microsoft Visual Studio Solution File, Format Version 12.00
# Visual Studio Version 17
VisualStudioVersion = 17.0.31903.59
MinimumVisualStudioVersion = 10.0.40219.1
Project("{FAE04EC0-301F-11D3-BF4B-00C04F79EFBC}") = "HelloApi", "HelloApi\HelloApi.csproj", "{D938EC39-D6AF-48A1-8A23-E1486A103725}"
EndProject
Project("{FAE04EC0-301F-11D3-BF4B-00C04F79EFBC}") = "HelloApi.Tests", "HelloApi.Tests\HelloApi.Tests.csproj", "{A6EDD1EF-5E0A-4098-94F4-3972E81502D1}"
EndProject
Global
	GlobalSection(SolutionConfigurationPlatforms) = preSolution
		Debug|Any CPU = Debug|Any CPU
		Release|Any CPU = Release|Any CPU
	EndGlobalSection
	GlobalSection(SolutionProperties) = preSolution
		HideSolutionNode = FALSE
	EndGlobalSection
	GlobalSection(ProjectConfigurationPlatforms) = postSolution
		{D938EC39-D6AF-48A1-8A23-E1486A103725}.Debug|Any CPU.ActiveCfg = Debug|Any CPU
		{D938EC39-D6AF-48A1-8A23-E1486A103725}.Debug|Any CPU.Build.0 = Debug|Any CPU
		{D938EC39-D6AF-48A1-8A23-E1486A103725}.Release|Any CPU.ActiveCfg = Release|Any CPU
		{D938EC39-D6AF-48A1-8A23-E1486A103725}.Release|Any CPU.Build.0 = Release|Any CPU
		{A6EDD1EF-5E0A-4098-94F4-3972E81502D1}.Debug|Any CPU.ActiveCfg = Debug|Any CPU
		{A6EDD1EF-5E0A-4098-94F4-3972E81502D1}.Debug|Any CPU.Build.0 = Debug|Any CPU
		{A6EDD1EF-5E0A-4098-94F4-3972E81502D1}.Release|Any CPU.ActiveCfg = Release|Any CPU
		{A6EDD1EF-5E0A-4098-94F4-3972E81502D1}.Release|Any CPU.Build.0 = Release|Any CPU
	EndGlobalSection
EndGlobal
